
Microsoft Visual Studio Solution File, Format Version 12.00
# Visual Studio Version 17
VisualStudioVersion = 17.8.34525.116
MinimumVisualStudioVersion = 10.0.40219.1
Project("{FAE04EC0-301F-11D3-BF4B-00C04F79EFBC}") = "IdentityManagerServerApi", "IdentityManagerServerApi\IdentityManagerServerApi.csproj", "{EC872850-EE64-4BB1-BEA7-5D6DA7B153F2}"
EndProject
Project("{FAE04EC0-301F-11D3-BF4B-00C04F79EFBC}") = "SharedClassLibrary", "SharedClassLibrary\SharedClassLibrary.csproj", "{A85BF32D-4C25-4ECA-B76E-2C26EA55494E}"
EndProject
Global
	GlobalSection(SolutionConfigurationPlatforms) = preSolution
		Debug|Any CPU = Debug|Any CPU
		Release|Any CPU = Release|Any CPU
	EndGlobalSection
	GlobalSection(ProjectConfigurationPlatforms) = postSolution
		{EC872850-EE64-4BB1-BEA7-5D6DA7B153F2}.Debug|Any CPU.ActiveCfg = Debug|Any CPU
		{EC872850-EE64-4BB1-BEA7-5D6DA7B153F2}.Debug|Any CPU.Build.0 = Debug|Any CPU
		{EC872850-EE64-4BB1-BEA7-5D6DA7B153F2}.Release|Any CPU.ActiveCfg = Release|Any CPU
		{EC872850-EE64-4BB1-BEA7-5D6DA7B153F2}.Release|Any CPU.Build.0 = Release|Any CPU
		{A85BF32D-4C25-4ECA-B76E-2C26EA55494E}.Debug|Any CPU.ActiveCfg = Debug|Any CPU
		{A85BF32D-4C25-4ECA-B76E-2C26EA55494E}.Debug|Any CPU.Build.0 = Debug|Any CPU
		{A85BF32D-4C25-4ECA-B76E-2C26EA55494E}.Release|Any CPU.ActiveCfg = Release|Any CPU
		{A85BF32D-4C25-4ECA-B76E-2C26EA55494E}.Release|Any CPU.Build.0 = Release|Any CPU
	EndGlobalSection
	GlobalSection(SolutionProperties) = preSolution
		HideSolutionNode = FALSE
	EndGlobalSection
	GlobalSection(ExtensibilityGlobals) = postSolution
		SolutionGuid = {450F0E4E-1E73-448C-90B1-C08E4106DDD0}
	EndGlobalSection
EndGlobal
