
Microsoft Visual Studio Solution File, Format Version 12.00
# Visual Studio Version 17
VisualStudioVersion = 17.9.34622.214
MinimumVisualStudioVersion = 10.0.40219.1
Project("{FAE04EC0-301F-11D3-BF4B-00C04F79EFBC}") = "Movies.Api", "JwtAuth\Movies.Api.csproj", "{1B78DFFA-610E-4A94-AD05-26A381C265AB}"
EndProject
Project("{FAE04EC0-301F-11D3-BF4B-00C04F79EFBC}") = "Identity.Api", "Identity.Api\Identity.Api.csproj", "{49FD14BB-DD18-49E8-AC94-9C58A3B59289}"
EndProject
Global
	GlobalSection(SolutionConfigurationPlatforms) = preSolution
		Debug|Any CPU = Debug|Any CPU
		Release|Any CPU = Release|Any CPU
	EndGlobalSection
	GlobalSection(ProjectConfigurationPlatforms) = postSolution
		{1B78DFFA-610E-4A94-AD05-26A381C265AB}.Debug|Any CPU.ActiveCfg = Debug|Any CPU
		{1B78DFFA-610E-4A94-AD05-26A381C265AB}.Debug|Any CPU.Build.0 = Debug|Any CPU
		{1B78DFFA-610E-4A94-AD05-26A381C265AB}.Release|Any CPU.ActiveCfg = Release|Any CPU
		{1B78DFFA-610E-4A94-AD05-26A381C265AB}.Release|Any CPU.Build.0 = Release|Any CPU
		{49FD14BB-DD18-49E8-AC94-9C58A3B59289}.Debug|Any CPU.ActiveCfg = Debug|Any CPU
		{49FD14BB-DD18-49E8-AC94-9C58A3B59289}.Debug|Any CPU.Build.0 = Debug|Any CPU
		{49FD14BB-DD18-49E8-AC94-9C58A3B59289}.Release|Any CPU.ActiveCfg = Release|Any CPU
		{49FD14BB-DD18-49E8-AC94-9C58A3B59289}.Release|Any CPU.Build.0 = Release|Any CPU
	EndGlobalSection
	GlobalSection(SolutionProperties) = preSolution
		HideSolutionNode = FALSE
	EndGlobalSection
	GlobalSection(ExtensibilityGlobals) = postSolution
		SolutionGuid = {6A8441D3-0CF8-40D3-ABA5-D0477B157C80}
	EndGlobalSection
EndGlobal
